<?xml version="1.0" encoding="utf-8"?>
<Project ToolsVersion="4.0" xmlns="http://schemas.microsoft.com/developer/msbuild/2003">
  <ItemGroup>
    <Filter Include="Header Files">
      <UniqueIdentifier>{93995380-89BD-4b04-88EB-625FBE52EBFB}</UniqueIdentifier>
      <Extensions>h;hpp;hxx;hm;inl;inc;xsd</Extensions>
    </Filter>
    <Filter Include="Source Files">
      <UniqueIdentifier>{4FC737F1-C7A5-4376-A066-2A32D752A2FF}</UniqueIdentifier>
      <Extensions>cpp;c;cc;cxx;def;odl;idl;hpj;bat;asm;asmx</Extensions>
    </Filter>
    <Filter Include="Source Files\AST">
      <UniqueIdentifier>{03ffd9c3-53ad-47b2-99e1-c293e9fbf819}</UniqueIdentifier>
    </Filter>
    <Filter Include="Header Files\AST">
      <UniqueIdentifier>{0dbccf06-3209-428a-a8a2-a6d13c6d09bb}</UniqueIdentifier>
    </Filter>
    <Filter Include="Header Files\System">
      <UniqueIdentifier>{1425230e-0c63-4e9e-8f6c-812e97bb557e}</UniqueIdentifier>
    </Filter>
  </ItemGroup>
  <ItemGroup>
    <ClCompile Include="Main.cpp">
      <Filter>Source Files</Filter>
    </ClCompile>
    <ClCompile Include="System\File.cpp">
      <Filter>Source Files</Filter>
    </ClCompile>
    <ClCompile Include="System\Object.cpp">
      <Filter>Source Files</Filter>
    </ClCompile>
    <ClCompile Include="System\WString.cpp">
      <Filter>Source Files</Filter>
    </ClCompile>
    <ClCompile Include="Compiler\ErrorHandler.cpp">
      <Filter>Source Files</Filter>
    </ClCompile>
    <ClCompile Include="Compiler\FileBuffer.cpp">
      <Filter>Source Files</Filter>
    </ClCompile>
    <ClCompile Include="Compiler\Parser.cpp">
      <Filter>Source Files</Filter>
    </ClCompile>
    <ClCompile Include="Writer.cpp">
      <Filter>Source Files</Filter>
    </ClCompile>
    <ClCompile Include="AST\Value.cpp">
      <Filter>Source Files</Filter>
    </ClCompile>
    <ClCompile Include="AST\Json.cpp">
      <Filter>Source Files</Filter>
    </ClCompile>
  </ItemGroup>
  <ItemGroup>
    <ClInclude Include="Compiler\Parser.h">
      <Filter>Header Files</Filter>
    </ClInclude>
    <ClInclude Include="Compiler\Buffer.h">
      <Filter>Header Files</Filter>
    </ClInclude>
    <ClInclude Include="Compiler\ErrorHandler.h">
      <Filter>Header Files</Filter>
    </ClInclude>
    <ClInclude Include="Compiler\FileBuffer.h">
      <Filter>Header Files</Filter>
    </ClInclude>
    <ClInclude Include="Compiler\Token.h">
      <Filter>Header Files</Filter>
    </ClInclude>
    <ClInclude Include="System\Exception.h">
      <Filter>Header Files</Filter>
    </ClInclude>
    <ClInclude Include="System\File.h">
      <Filter>Header Files</Filter>
    </ClInclude>
    <ClInclude Include="System\WString.h">
      <Filter>Header Files</Filter>
    </ClInclude>
    <ClInclude Include="System\Typedefs.h">
      <Filter>Header Files</Filter>
    </ClInclude>
    <ClInclude Include="Writer.h">
      <Filter>Header Files</Filter>
    </ClInclude>
    <ClInclude Include="AST\Node.h">
      <Filter>Header Files\AST</Filter>
    </ClInclude>
    <ClInclude Include="AST\Json.h">
      <Filter>Header Files\AST</Filter>
    </ClInclude>
    <ClInclude Include="AST\Value.h">
      <Filter>Header Files\AST</Filter>
    </ClInclude>
    <ClInclude Include="AST\Object.h">
      <Filter>Header Files\AST</Filter>
    </ClInclude>
    <ClInclude Include="System\Object.h">
      <Filter>Header Files\System</Filter>
    </ClInclude>
  </ItemGroup>
</Project>