<?xml version="1.0" encoding="utf-8"?>
<Project ToolsVersion="4.0" xmlns="http://schemas.microsoft.com/developer/msbuild/2003">
  <ItemGroup>
    <ClCompile Include="Compiler\ErrorHandler.cpp" />
    <ClCompile Include="Compiler\FileBuffer.cpp" />
    <ClCompile Include="Compiler\Parser.cpp" />
    <ClCompile Include="Main.cpp" />
    <ClCompile Include="System\File.cpp" />
    <ClCompile Include="System\Object.cpp" />
    <ClCompile Include="System\WString.cpp" />
    <ClCompile Include="AST\Json.cpp">
      <Filter>AST</Filter>
    </ClCompile>
    <ClCompile Include="AST\Value.cpp">
      <Filter>AST</Filter>
    </ClCompile>
    <ClCompile Include="Writer.cpp" />
    <ClCompile Include="AST\Members.cpp" />
    <ClCompile Include="AST\Array.cpp" />
    <ClCompile Include="AST\False.cpp" />
    <ClCompile Include="AST\String.cpp" />
    <ClCompile Include="AST\True.cpp" />
    <ClCompile Include="AST\Null.cpp" />
    <ClCompile Include="AST\Pair.cpp" />
    <ClCompile Include="AST\Number.cpp" />
  </ItemGroup>
  <ItemGroup>
    <ClInclude Include="Compiler\Buffer.h" />
    <ClInclude Include="Compiler\ErrorHandler.h" />
    <ClInclude Include="Compiler\FileBuffer.h" />
    <ClInclude Include="Compiler\Parser.h" />
    <ClInclude Include="Compiler\Token.h" />
    <ClInclude Include="System\Exception.h" />
    <ClInclude Include="System\File.h" />
    <ClInclude Include="System\Object.h" />
    <ClInclude Include="System\Typedefs.h" />
    <ClInclude Include="System\WString.h" />
    <ClInclude Include="AST\Array.h">
      <Filter>AST</Filter>
    </ClInclude>
    <ClInclude Include="AST\False.h">
      <Filter>AST</Filter>
    </ClInclude>
    <ClInclude Include="AST\Json.h">
      <Filter>AST</Filter>
    </ClInclude>
    <ClInclude Include="AST\Members.h">
      <Filter>AST</Filter>
    </ClInclude>
    <ClInclude Include="AST\Node.h">
      <Filter>AST</Filter>
    </ClInclude>
    <ClInclude Include="AST\Null.h">
      <Filter>AST</Filter>
    </ClInclude>
    <ClInclude Include="AST\Object.h">
      <Filter>AST</Filter>
    </ClInclude>
    <ClInclude Include="AST\Pair.h">
      <Filter>AST</Filter>
    </ClInclude>
    <ClInclude Include="AST\String.h">
      <Filter>AST</Filter>
    </ClInclude>
    <ClInclude Include="AST\True.h">
      <Filter>AST</Filter>
    </ClInclude>
    <ClInclude Include="AST\Value.h">
      <Filter>AST</Filter>
    </ClInclude>
    <ClInclude Include="AST\ValueNode.h">
      <Filter>AST</Filter>
    </ClInclude>
    <ClInclude Include="Writer.h" />
    <ClInclude Include="AST\Number.h">
      <Filter>AST</Filter>
    </ClInclude>
  </ItemGroup>
  <ItemGroup>
    <Filter Include="AST">
      <UniqueIdentifier>{330d66f6-2245-4c77-a578-9335651c0d40}</UniqueIdentifier>
    </Filter>
  </ItemGroup>
</Project>